
Microsoft Visual Studio Solution File, Format Version 12.00
# Visual Studio Version 16
VisualStudioVersion = 16.0.32413.511
MinimumVisualStudioVersion = 10.0.40219.1
Project("{2150E333-8FDC-42A3-9474-1A3956D46DE8}") = "tools", "tools", "{9A227D2B-94D1-47A2-9224-5545D3E07824}"
EndProject
Project("{9A19103F-16F7-4668-BE54-9A1E7A4F7556}") = "OnlineShop.IdentityServer", "src\OnlineShop.IdentityServer\OnlineShop.IdentityServer.csproj", "{7ABDCAFB-226B-4633-8520-2301D6012B37}"
EndProject
Global
	GlobalSection(SolutionConfigurationPlatforms) = preSolution
		Debug|Any CPU = Debug|Any CPU
		Release|Any CPU = Release|Any CPU
	EndGlobalSection
	GlobalSection(ProjectConfigurationPlatforms) = postSolution
		{7ABDCAFB-226B-4633-8520-2301D6012B37}.Debug|Any CPU.ActiveCfg = Debug|Any CPU
		{7ABDCAFB-226B-4633-8520-2301D6012B37}.Debug|Any CPU.Build.0 = Debug|Any CPU
		{7ABDCAFB-226B-4633-8520-2301D6012B37}.Release|Any CPU.ActiveCfg = Release|Any CPU
		{7ABDCAFB-226B-4633-8520-2301D6012B37}.Release|Any CPU.Build.0 = Release|Any CPU
	EndGlobalSection
	GlobalSection(SolutionProperties) = preSolution
		HideSolutionNode = FALSE
	EndGlobalSection
	GlobalSection(NestedProjects) = preSolution
		{7ABDCAFB-226B-4633-8520-2301D6012B37} = {9A227D2B-94D1-47A2-9224-5545D3E07824}
	EndGlobalSection
	GlobalSection(ExtensibilityGlobals) = postSolution
		SolutionGuid = {82794D1F-F32E-4377-B24C-BA22F669D20D}
	EndGlobalSection
EndGlobal
